// !$*UTF8*$!
{
	archiveVersion = 1;
	classes = {
	};
	objectVersion = 56;
	objects = {

/* Begin PBXBuildFile section */
		2BBEA667294DB6D20002A32B /* BindingMVVMApp.swift in Sources */ = {isa = PBXBuildFile; fileRef = 2BBEA666294DB6D20002A32B /* BindingMVVMApp.swift */; };
		2BBEA669294DB6D20002A32B /* ContentView.swift in Sources */ = {isa = PBXBuildFile; fileRef = 2BBEA668294DB6D20002A32B /* ContentView.swift */; };
		2BBEA66B294DB6D30002A32B /* Assets.xcassets in Resources */ = {isa = PBXBuildFile; fileRef = 2BBEA66A294DB6D30002A32B /* Assets.xcassets */; };
		2BBEA66E294DB6D30002A32B /* Preview Assets.xcassets in Resources */ = {isa = PBXBuildFile; fileRef = 2BBEA66D294DB6D30002A32B /* Preview Assets.xcassets */; };
		2BBEA675294DC92A0002A32B /* StateView.swift in Sources */ = {isa = PBXBuildFile; fileRef = 2BBEA674294DC92A0002A32B /* StateView.swift */; };
		2BBEA677294DE8EF0002A32B /* BadStateView.swift in Sources */ = {isa = PBXBuildFile; fileRef = 2BBEA676294DE8EF0002A32B /* BadStateView.swift */; };
		2BBEA679294DF83D0002A32B /* ObservableView.swift in Sources */ = {isa = PBXBuildFile; fileRef = 2BBEA678294DF83D0002A32B /* ObservableView.swift */; };
		2BBEA67D294E02450002A32B /* Food.swift in Sources */ = {isa = PBXBuildFile; fileRef = 2BBEA67C294E02450002A32B /* Food.swift */; };
		2BBEA687294E07130002A32B /* FoodStore.swift in Sources */ = {isa = PBXBuildFile; fileRef = 2BBEA686294E07130002A32B /* FoodStore.swift */; };
		2BBEA689294E23C50002A32B /* EnvironmentView.swift in Sources */ = {isa = PBXBuildFile; fileRef = 2BBEA688294E23C50002A32B /* EnvironmentView.swift */; };
/* End PBXBuildFile section */

/* Begin PBXFileReference section */
		2BBEA663294DB6D20002A32B /* BindingMVVM.app */ = {isa = PBXFileReference; explicitFileType = wrapper.application; includeInIndex = 0; path = BindingMVVM.app; sourceTree = BUILT_PRODUCTS_DIR; };
		2BBEA666294DB6D20002A32B /* BindingMVVMApp.swift */ = {isa = PBXFileReference; lastKnownFileType = sourcecode.swift; path = BindingMVVMApp.swift; sourceTree = "<group>"; };
		2BBEA668294DB6D20002A32B /* ContentView.swift */ = {isa = PBXFileReference; lastKnownFileType = sourcecode.swift; path = ContentView.swift; sourceTree = "<group>"; };
		2BBEA66A294DB6D30002A32B /* Assets.xcassets */ = {isa = PBXFileReference; lastKnownFileType = folder.assetcatalog; path = Assets.xcassets; sourceTree = "<group>"; };
		2BBEA66D294DB6D30002A32B /* Preview Assets.xcassets */ = {isa = PBXFileReference; lastKnownFileType = folder.assetcatalog; path = "Preview Assets.xcassets"; sourceTree = "<group>"; };
		2BBEA674294DC92A0002A32B /* StateView.swift */ = {isa = PBXFileReference; lastKnownFileType = sourcecode.swift; path = StateView.swift; sourceTree = "<group>"; };
		2BBEA676294DE8EF0002A32B /* BadStateView.swift */ = {isa = PBXFileReference; lastKnownFileType = sourcecode.swift; path = BadStateView.swift; sourceTree = "<group>"; };
		2BBEA678294DF83D0002A32B /* ObservableView.swift */ = {isa = PBXFileReference; lastKnownFileType = sourcecode.swift; path = ObservableView.swift; sourceTree = "<group>"; };
		2BBEA67C294E02450002A32B /* Food.swift */ = {isa = PBXFileReference; lastKnownFileType = sourcecode.swift; path = Food.swift; sourceTree = "<group>"; };
		2BBEA686294E07130002A32B /* FoodStore.swift */ = {isa = PBXFileReference; lastKnownFileType = sourcecode.swift; path = FoodStore.swift; sourceTree = "<group>"; };
		2BBEA688294E23C50002A32B /* EnvironmentView.swift */ = {isa = PBXFileReference; lastKnownFileType = sourcecode.swift; path = EnvironmentView.swift; sourceTree = "<group>"; };
/* End PBXFileReference section */

/* Begin PBXFrameworksBuildPhase section */
		2BBEA660294DB6D20002A32B /* Frameworks */ = {
			isa = PBXFrameworksBuildPhase;
			buildActionMask = 2147483647;
			files = (
			);
			runOnlyForDeploymentPostprocessing = 0;
		};
/* End PBXFrameworksBuildPhase section */

/* Begin PBXGroup section */
		2BBEA65A294DB6D20002A32B = {
			isa = PBXGroup;
			children = (
				2BBEA665294DB6D20002A32B /* BindingMVVM */,
				2BBEA664294DB6D20002A32B /* Products */,
			);
			sourceTree = "<group>";
		};
		2BBEA664294DB6D20002A32B /* Products */ = {
			isa = PBXGroup;
			children = (
				2BBEA663294DB6D20002A32B /* BindingMVVM.app */,
			);
			name = Products;
			sourceTree = "<group>";
		};
		2BBEA665294DB6D20002A32B /* BindingMVVM */ = {
			isa = PBXGroup;
			children = (
				2BBEA666294DB6D20002A32B /* BindingMVVMApp.swift */,
				2BBEA66A294DB6D30002A32B /* Assets.xcassets */,
				2BBEA685294E06FD0002A32B /* ViewModel */,
				2BBEA67B294E019C0002A32B /* Model */,
				2BBEA67A294E017E0002A32B /* View */,
				2BBEA66C294DB6D30002A32B /* Preview Content */,
			);
			path = BindingMVVM;
			sourceTree = "<group>";
		};
		2BBEA66C294DB6D30002A32B /* Preview Content */ = {
			isa = PBXGroup;
			children = (
				2BBEA66D294DB6D30002A32B /* Preview Assets.xcassets */,
			);
			path = "Preview Content";
			sourceTree = "<group>";
		};
		2BBEA67A294E017E0002A32B /* View */ = {
			isa = PBXGroup;
			children = (
				2BBEA668294DB6D20002A32B /* ContentView.swift */,
				2BBEA674294DC92A0002A32B /* StateView.swift */,
				2BBEA676294DE8EF0002A32B /* BadStateView.swift */,
				2BBEA678294DF83D0002A32B /* ObservableView.swift */,
				2BBEA688294E23C50002A32B /* EnvironmentView.swift */,
			);
			path = View;
			sourceTree = "<group>";
		};
		2BBEA67B294E019C0002A32B /* Model */ = {
			isa = PBXGroup;
			children = (
				2BBEA67C294E02450002A32B /* Food.swift */,
			);
			path = Model;
			sourceTree = "<group>";
		};
		2BBEA685294E06FD0002A32B /* ViewModel */ = {
			isa = PBXGroup;
			children = (
				2BBEA686294E07130002A32B /* FoodStore.swift */,
			);
			path = ViewModel;
			sourceTree = "<group>";
		};
/* End PBXGroup section */

/* Begin PBXNativeTarget section */
		2BBEA662294DB6D20002A32B /* BindingMVVM */ = {
			isa = PBXNativeTarget;
			buildConfigurationList = 2BBEA671294DB6D30002A32B /* Build configuration list for PBXNativeTarget "BindingMVVM" */;
			buildPhases = (
				2BBEA65F294DB6D20002A32B /* Sources */,
				2BBEA660294DB6D20002A32B /* Frameworks */,
				2BBEA661294DB6D20002A32B /* Resources */,
			);
			buildRules = (
			);
			dependencies = (
			);
			name = BindingMVVM;
			productName = BindingMVVM;
			productReference = 2BBEA663294DB6D20002A32B /* BindingMVVM.app */;
			productType = "com.apple.product-type.application";
		};
/* End PBXNativeTarget section */

/* Begin PBXProject section */
		2BBEA65B294DB6D20002A32B /* Project object */ = {
			isa = PBXProject;
			attributes = {
				BuildIndependentTargetsInParallel = 1;
				LastSwiftUpdateCheck = 1420;
				LastUpgradeCheck = 1420;
				TargetAttributes = {
					2BBEA662294DB6D20002A32B = {
						CreatedOnToolsVersion = 14.2;
					};
				};
			};
			buildConfigurationList = 2BBEA65E294DB6D20002A32B /* Build configuration list for PBXProject "BindingMVVM" */;
			compatibilityVersion = "Xcode 14.0";
			developmentRegion = en;
			hasScannedForEncodings = 0;
			knownRegions = (
				en,
				Base,
			);
			mainGroup = 2BBEA65A294DB6D20002A32B;
			productRefGroup = 2BBEA664294DB6D20002A32B /* Products */;
			projectDirPath = "";
			projectRoot = "";
			targets = (
				2BBEA662294DB6D20002A32B /* BindingMVVM */,
			);
		};
/* End PBXProject section */

/* Begin PBXResourcesBuildPhase section */
		2BBEA661294DB6D20002A32B /* Resources */ = {
			isa = PBXResourcesBuildPhase;
			buildActionMask = 2147483647;
			files = (
				2BBEA66E294DB6D30002A32B /* Preview Assets.xcassets in Resources */,
				2BBEA66B294DB6D30002A32B /* Assets.xcassets in Resources */,
			);
			runOnlyForDeploymentPostprocessing = 0;
		};
/* End PBXResourcesBuildPhase section */

/* Begin PBXSourcesBuildPhase section */
		2BBEA65F294DB6D20002A32B /* Sources */ = {
			isa = PBXSourcesBuildPhase;
			buildActionMask = 2147483647;
			files = (
				2BBEA689294E23C50002A32B /* EnvironmentView.swift in Sources */,
				2BBEA679294DF83D0002A32B /* ObservableView.swift in Sources */,
				2BBEA677294DE8EF0002A32B /* BadStateView.swift in Sources */,
				2BBEA675294DC92A0002A32B /* StateView.swift in Sources */,
				2BBEA669294DB6D20002A32B /* ContentView.swift in Sources */,
				2BBEA667294DB6D20002A32B /* BindingMVVMApp.swift in Sources */,
				2BBEA67D294E02450002A32B /* Food.swift in Sources */,
				2BBEA687294E07130002A32B /* FoodStore.swift in Sources */,
			);
			runOnlyForDeploymentPostprocessing = 0;
		};
/* End PBXSourcesBuildPhase section */

/* Begin XCBuildConfiguration section */
		2BBEA66F294DB6D30002A32B /* Debug */ = {
			isa = XCBuildConfiguration;
			buildSettings = {
				ALWAYS_SEARCH_USER_PATHS = NO;
				CLANG_ANALYZER_NONNULL = YES;
				CLANG_ANALYZER_NUMBER_OBJECT_CONVERSION = YES_AGGRESSIVE;
				CLANG_CXX_LANGUAGE_STANDARD = "gnu++20";
				CLANG_ENABLE_MODULES = YES;
				CLANG_ENABLE_OBJC_ARC = YES;
				CLANG_ENABLE_OBJC_WEAK = YES;
				CLANG_WARN_BLOCK_CAPTURE_AUTORELEASING = YES;
				CLANG_WARN_BOOL_CONVERSION = YES;
				CLANG_WARN_COMMA = YES;
				CLANG_WARN_CONSTANT_CONVERSION = YES;
				CLANG_WARN_DEPRECATED_OBJC_IMPLEMENTATIONS = YES;
				CLANG_WARN_DIRECT_OBJC_ISA_USAGE = YES_ERROR;
				CLANG_WARN_DOCUMENTATION_COMMENTS = YES;
				CLANG_WARN_EMPTY_BODY = YES;
				CLANG_WARN_ENUM_CONVERSION = YES;
				CLANG_WARN_INFINITE_RECURSION = YES;
				CLANG_WARN_INT_CONVERSION = YES;
				CLANG_WARN_NON_LITERAL_NULL_CONVERSION = YES;
				CLANG_WARN_OBJC_IMPLICIT_RETAIN_SELF = YES;
				CLANG_WARN_OBJC_LITERAL_CONVERSION = YES;
				CLANG_WARN_OBJC_ROOT_CLASS = YES_ERROR;
				CLANG_WARN_QUOTED_INCLUDE_IN_FRAMEWORK_HEADER = YES;
				CLANG_WARN_RANGE_LOOP_ANALYSIS = YES;
				CLANG_WARN_STRICT_PROTOTYPES = YES;
				CLANG_WARN_SUSPICIOUS_MOVE = YES;
				CLANG_WARN_UNGUARDED_AVAILABILITY = YES_AGGRESSIVE;
				CLANG_WARN_UNREACHABLE_CODE = YES;
				CLANG_WARN__DUPLICATE_METHOD_MATCH = YES;
				COPY_PHASE_STRIP = NO;
				DEBUG_INFORMATION_FORMAT = dwarf;
				ENABLE_STRICT_OBJC_MSGSEND = YES;
				ENABLE_TESTABILITY = YES;
				GCC_C_LANGUAGE_STANDARD = gnu11;
				GCC_DYNAMIC_NO_PIC = NO;
				GCC_NO_COMMON_BLOCKS = YES;
				GCC_OPTIMIZATION_LEVEL = 0;
				GCC_PREPROCESSOR_DEFINITIONS = (
					"DEBUG=1",
					"$(inherited)",
				);
				GCC_WARN_64_TO_32_BIT_CONVERSION = YES;
				GCC_WARN_ABOUT_RETURN_TYPE = YES_ERROR;
				GCC_WARN_UNDECLARED_SELECTOR = YES;
				GCC_WARN_UNINITIALIZED_AUTOS = YES_AGGRESSIVE;
				GCC_WARN_UNUSED_FUNCTION = YES;
				GCC_WARN_UNUSED_VARIABLE = YES;
				IPHONEOS_DEPLOYMENT_TARGET = 16.2;
				MTL_ENABLE_DEBUG_INFO = INCLUDE_SOURCE;
				MTL_FAST_MATH = YES;
				ONLY_ACTIVE_ARCH = YES;
				SDKROOT = iphoneos;
				SWIFT_ACTIVE_COMPILATION_CONDITIONS = DEBUG;
				SWIFT_OPTIMIZATION_LEVEL = "-Onone";
			};
			name = Debug;
		};
		2BBEA670294DB6D30002A32B /* Release */ = {
			isa = XCBuildConfiguration;
			buildSettings = {
				ALWAYS_SEARCH_USER_PATHS = NO;
				CLANG_ANALYZER_NONNULL = YES;
				CLANG_ANALYZER_NUMBER_OBJECT_CONVERSION = YES_AGGRESSIVE;
				CLANG_CXX_LANGUAGE_STANDARD = "gnu++20";
				CLANG_ENABLE_MODULES = YES;
				CLANG_ENABLE_OBJC_ARC = YES;
				CLANG_ENABLE_OBJC_WEAK = YES;
				CLANG_WARN_BLOCK_CAPTURE_AUTORELEASING = YES;
				CLANG_WARN_BOOL_CONVERSION = YES;
				CLANG_WARN_COMMA = YES;
				CLANG_WARN_CONSTANT_CONVERSION = YES;
				CLANG_WARN_DEPRECATED_OBJC_IMPLEMENTATIONS = YES;
				CLANG_WARN_DIRECT_OBJC_ISA_USAGE = YES_ERROR;
				CLANG_WARN_DOCUMENTATION_COMMENTS = YES;
				CLANG_WARN_EMPTY_BODY = YES;
				CLANG_WARN_ENUM_CONVERSION = YES;
				CLANG_WARN_INFINITE_RECURSION = YES;
				CLANG_WARN_INT_CONVERSION = YES;
				CLANG_WARN_NON_LITERAL_NULL_CONVERSION = YES;
				CLANG_WARN_OBJC_IMPLICIT_RETAIN_SELF = YES;
				CLANG_WARN_OBJC_LITERAL_CONVERSION = YES;
				CLANG_WARN_OBJC_ROOT_CLASS = YES_ERROR;
				CLANG_WARN_QUOTED_INCLUDE_IN_FRAMEWORK_HEADER = YES;
				CLANG_WARN_RANGE_LOOP_ANALYSIS = YES;
				CLANG_WARN_STRICT_PROTOTYPES = YES;
				CLANG_WARN_SUSPICIOUS_MOVE = YES;
				CLANG_WARN_UNGUARDED_AVAILABILITY = YES_AGGRESSIVE;
				CLANG_WARN_UNREACHABLE_CODE = YES;
				CLANG_WARN__DUPLICATE_METHOD_MATCH = YES;
				COPY_PHASE_STRIP = NO;
				DEBUG_INFORMATION_FORMAT = "dwarf-with-dsym";
				ENABLE_NS_ASSERTIONS = NO;
				ENABLE_STRICT_OBJC_MSGSEND = YES;
				GCC_C_LANGUAGE_STANDARD = gnu11;
				GCC_NO_COMMON_BLOCKS = YES;
				GCC_WARN_64_TO_32_BIT_CONVERSION = YES;
				GCC_WARN_ABOUT_RETURN_TYPE = YES_ERROR;
				GCC_WARN_UNDECLARED_SELECTOR = YES;
				GCC_WARN_UNINITIALIZED_AUTOS = YES_AGGRESSIVE;
				GCC_WARN_UNUSED_FUNCTION = YES;
				GCC_WARN_UNUSED_VARIABLE = YES;
				IPHONEOS_DEPLOYMENT_TARGET = 16.2;
				MTL_ENABLE_DEBUG_INFO = NO;
				MTL_FAST_MATH = YES;
				SDKROOT = iphoneos;
				SWIFT_COMPILATION_MODE = wholemodule;
				SWIFT_OPTIMIZATION_LEVEL = "-O";
				VALIDATE_PRODUCT = YES;
			};
			name = Release;
		};
		2BBEA672294DB6D30002A32B /* Debug */ = {
			isa = XCBuildConfiguration;
			buildSettings = {
				ASSETCATALOG_COMPILER_APPICON_NAME = AppIcon;
				ASSETCATALOG_COMPILER_GLOBAL_ACCENT_COLOR_NAME = AccentColor;
				CODE_SIGN_STYLE = Automatic;
				CURRENT_PROJECT_VERSION = 1;
				DEVELOPMENT_ASSET_PATHS = "\"BindingMVVM/Preview Content\"";
				ENABLE_PREVIEWS = YES;
				GENERATE_INFOPLIST_FILE = YES;
				INFOPLIST_KEY_UIApplicationSceneManifest_Generation = YES;
				INFOPLIST_KEY_UIApplicationSupportsIndirectInputEvents = YES;
				INFOPLIST_KEY_UILaunchScreen_Generation = YES;
				INFOPLIST_KEY_UISupportedInterfaceOrientations_iPad = "UIInterfaceOrientationPortrait UIInterfaceOrientationPortraitUpsideDown UIInterfaceOrientationLandscapeLeft UIInterfaceOrientationLandscapeRight";
				INFOPLIST_KEY_UISupportedInterfaceOrientations_iPhone = "UIInterfaceOrientationPortrait UIInterfaceOrientationLandscapeLeft UIInterfaceOrientationLandscapeRight";
				LD_RUNPATH_SEARCH_PATHS = (
					"$(inherited)",
					"@executable_path/Frameworks",
				);
				MARKETING_VERSION = 1.0;
				PRODUCT_BUNDLE_IDENTIFIER = com.codelion.BindingMVVM;
				PRODUCT_NAME = "$(TARGET_NAME)";
				SWIFT_EMIT_LOC_STRINGS = YES;
				SWIFT_VERSION = 5.0;
				TARGETED_DEVICE_FAMILY = "1,2";
			};
			name = Debug;
		};
		2BBEA673294DB6D30002A32B /* Release */ = {
			isa = XCBuildConfiguration;
			buildSettings = {
				ASSETCATALOG_COMPILER_APPICON_NAME = AppIcon;
				ASSETCATALOG_COMPILER_GLOBAL_ACCENT_COLOR_NAME = AccentColor;
				CODE_SIGN_STYLE = Automatic;
				CURRENT_PROJECT_VERSION = 1;
				DEVELOPMENT_ASSET_PATHS = "\"BindingMVVM/Preview Content\"";
				ENABLE_PREVIEWS = YES;
				GENERATE_INFOPLIST_FILE = YES;
				INFOPLIST_KEY_UIApplicationSceneManifest_Generation = YES;
				INFOPLIST_KEY_UIApplicationSupportsIndirectInputEvents = YES;
				INFOPLIST_KEY_UILaunchScreen_Generation = YES;
				INFOPLIST_KEY_UISupportedInterfaceOrientations_iPad = "UIInterfaceOrientationPortrait UIInterfaceOrientationPortraitUpsideDown UIInterfaceOrientationLandscapeLeft UIInterfaceOrientationLandscapeRight";
				INFOPLIST_KEY_UISupportedInterfaceOrientations_iPhone = "UIInterfaceOrientationPortrait UIInterfaceOrientationLandscapeLeft UIInterfaceOrientationLandscapeRight";
				LD_RUNPATH_SEARCH_PATHS = (
					"$(inherited)",
					"@executable_path/Frameworks",
				);
				MARKETING_VERSION = 1.0;
				PRODUCT_BUNDLE_IDENTIFIER = com.codelion.BindingMVVM;
				PRODUCT_NAME = "$(TARGET_NAME)";
				SWIFT_EMIT_LOC_STRINGS = YES;
				SWIFT_VERSION = 5.0;
				TARGETED_DEVICE_FAMILY = "1,2";
			};
			name = Release;
		};
/* End XCBuildConfiguration section */

/* Begin XCConfigurationList section */
		2BBEA65E294DB6D20002A32B /* Build configuration list for PBXProject "BindingMVVM" */ = {
			isa = XCConfigurationList;
			buildConfigurations = (
				2BBEA66F294DB6D30002A32B /* Debug */,
				2BBEA670294DB6D30002A32B /* Release */,
			);
			defaultConfigurationIsVisible = 0;
			defaultConfigurationName = Release;
		};
		2BBEA671294DB6D30002A32B /* Build configuration list for PBXNativeTarget "BindingMVVM" */ = {
			isa = XCConfigurationList;
			buildConfigurations = (
				2BBEA672294DB6D30002A32B /* Debug */,
				2BBEA673294DB6D30002A32B /* Release */,
			);
			defaultConfigurationIsVisible = 0;
			defaultConfigurationName = Release;
		};
/* End XCConfigurationList section */
	};
	rootObject = 2BBEA65B294DB6D20002A32B /* Project object */;
}
